{
  "name": "commons.systems",
  "lockfileVersion": 3,
  "requires": true,
  "packages": {
    "": {
      "name": "commons.systems",
      "workspaces": [
        "packages/*"
      ]
    },
    "node_modules/@commons.systems/clean-context-review": {
      "resolved": "packages/clean-context-review",
      "link": true
    },
    "node_modules/@commons.systems/disposition": {
      "resolved": "packages/disposition",
      "link": true
    },
    "node_modules/yaml": {
      "version": "2.9.0",
      "resolved": "https://registry.npmjs.org/yaml/-/yaml-2.9.0.tgz",
      "integrity": "sha512-2AvhNX3mb8zd6Zy7INTtSpl1F15HW6Wnqj0srWlkKLcpYl/gMIMJiyuGq2KeI2YFxUPjdlB+3Lc10seMLtL4cA==",
      "license": "ISC",
      "bin": {
        "yaml": "bin.mjs"
      },
      "engines": {
        "node": ">= 14.6"
      },
      "funding": {
        "url": "https://github.com/sponsors/eemeli"
      }
    },
    "packages/clean-context-review": {
      "name": "@commons.systems/clean-context-review",
      "version": "0.0.0",
      "dependencies": {
        "@commons.systems/disposition": "*",
        "yaml": "^2"
      }
    },
    "packages/disposition": {
      "name": "@commons.systems/disposition",
      "version": "0.0.0",
      "dependencies": {
        "yaml": "^2"
      }
    }
  }
}
